
Microsoft Visual Studio Solution File, Format Version 12.00
# Visual Studio Version 16
VisualStudioVersion = 16.0.30114.105
MinimumVisualStudioVersion = 10.0.40219.1
Project("{FAE04EC0-301F-11D3-BF4B-00C04F79EFBC}") = "CalculatorProject.Tests", "CalculatorProject.Tests\CalculatorProject.Tests.csproj", "{5C4387E3-35F6-42C7-974F-8BAB0C616821}"
EndProject
Project("{FAE04EC0-301F-11D3-BF4B-00C04F79EFBC}") = "CalculatorProject", "CalculatorProject\CalculatorProject.csproj", "{F32A6463-AEAF-4FA4-93E1-5AC94797524B}"
EndProject
Global
	GlobalSection(SolutionConfigurationPlatforms) = preSolution
		Debug|Any CPU = Debug|Any CPU
		Debug|x64 = Debug|x64
		Debug|x86 = Debug|x86
		Release|Any CPU = Release|Any CPU
		Release|x64 = Release|x64
		Release|x86 = Release|x86
	EndGlobalSection
	GlobalSection(SolutionProperties) = preSolution
		HideSolutionNode = FALSE
	EndGlobalSection
	GlobalSection(ProjectConfigurationPlatforms) = postSolution
		{5C4387E3-35F6-42C7-974F-8BAB0C616821}.Debug|Any CPU.ActiveCfg = Debug|Any CPU
		{5C4387E3-35F6-42C7-974F-8BAB0C616821}.Debug|Any CPU.Build.0 = Debug|Any CPU
		{5C4387E3-35F6-42C7-974F-8BAB0C616821}.Debug|x64.ActiveCfg = Debug|Any CPU
		{5C4387E3-35F6-42C7-974F-8BAB0C616821}.Debug|x64.Build.0 = Debug|Any CPU
		{5C4387E3-35F6-42C7-974F-8BAB0C616821}.Debug|x86.ActiveCfg = Debug|Any CPU
		{5C4387E3-35F6-42C7-974F-8BAB0C616821}.Debug|x86.Build.0 = Debug|Any CPU
		{5C4387E3-35F6-42C7-974F-8BAB0C616821}.Release|Any CPU.ActiveCfg = Release|Any CPU
		{5C4387E3-35F6-42C7-974F-8BAB0C616821}.Release|Any CPU.Build.0 = Release|Any CPU
		{5C4387E3-35F6-42C7-974F-8BAB0C616821}.Release|x64.ActiveCfg = Release|Any CPU
		{5C4387E3-35F6-42C7-974F-8BAB0C616821}.Release|x64.Build.0 = Release|Any CPU
		{5C4387E3-35F6-42C7-974F-8BAB0C616821}.Release|x86.ActiveCfg = Release|Any CPU
		{5C4387E3-35F6-42C7-974F-8BAB0C616821}.Release|x86.Build.0 = Release|Any CPU
		{F32A6463-AEAF-4FA4-93E1-5AC94797524B}.Debug|Any CPU.ActiveCfg = Debug|Any CPU
		{F32A6463-AEAF-4FA4-93E1-5AC94797524B}.Debug|Any CPU.Build.0 = Debug|Any CPU
		{F32A6463-AEAF-4FA4-93E1-5AC94797524B}.Debug|x64.ActiveCfg = Debug|Any CPU
		{F32A6463-AEAF-4FA4-93E1-5AC94797524B}.Debug|x64.Build.0 = Debug|Any CPU
		{F32A6463-AEAF-4FA4-93E1-5AC94797524B}.Debug|x86.ActiveCfg = Debug|Any CPU
		{F32A6463-AEAF-4FA4-93E1-5AC94797524B}.Debug|x86.Build.0 = Debug|Any CPU
		{F32A6463-AEAF-4FA4-93E1-5AC94797524B}.Release|Any CPU.ActiveCfg = Release|Any CPU
		{F32A6463-AEAF-4FA4-93E1-5AC94797524B}.Release|Any CPU.Build.0 = Release|Any CPU
		{F32A6463-AEAF-4FA4-93E1-5AC94797524B}.Release|x64.ActiveCfg = Release|Any CPU
		{F32A6463-AEAF-4FA4-93E1-5AC94797524B}.Release|x64.Build.0 = Release|Any CPU
		{F32A6463-AEAF-4FA4-93E1-5AC94797524B}.Release|x86.ActiveCfg = Release|Any CPU
		{F32A6463-AEAF-4FA4-93E1-5AC94797524B}.Release|x86.Build.0 = Release|Any CPU
	EndGlobalSection
EndGlobal
